github.com/bbalet/stopwords v1.0.0 h1:0TnGycCtY0zZi4ltKoOGRFIlZHv0WqpoIGUsObjztfo=
github.com/bbalet/stopwords v1.0.0/go.mod h1:sAWrQoDMfqARGIn4s6dp7OW7ISrshUD8IP2q3KoqPjc=
github.com/kljensen/snowball v0.10.0 h1:8qgaBLraSuUVHtGH5tJ+VdGpqgfcaE2WkswL/C3nVhY=
github.com/kljensen/snowball v0.10.0/go.mod h1:bJcxtur1W5Qw4fVj9tk5W88zyRcGQQjqahFErdcDTHk=
golang.org/x/text v0.20.0 h1:gK/Kv2otX8gz+wn7Rmb3vT96ZwuoxnQlY+HlJVj7Qug=
golang.org/x/text v0.20.0/go.mod h1:D4IsuqiFMhST5bX19pQ9ikHC2GsaKyk/oF+pn3ducp4=
